// !$*UTF8*$!
{
	archiveVersion = 1;
	classes = {
	};
	objectVersion = 52;
	objects = {

/* Begin PBXBuildFile section */
		480CB598267123E900001D2F /* BeliefRevisionStrategy.swift in Sources */ = {isa = PBXBuildFile; fileRef = 480CB597267123E900001D2F /* BeliefRevisionStrategy.swift */; };
		480CB59B2671251D00001D2F /* ReasoningStrategy.swift in Sources */ = {isa = PBXBuildFile; fileRef = 480CB59A2671251D00001D2F /* ReasoningStrategy.swift */; };
		480CB59F267125EA00001D2F /* AbstractReasoningStrategy.swift in Sources */ = {isa = PBXBuildFile; fileRef = 480CB59E267125EA00001D2F /* AbstractReasoningStrategy.swift */; };
		480CB5A2267126ED00001D2F /* DefaultBeliefRevisionStrategy.swift in Sources */ = {isa = PBXBuildFile; fileRef = 480CB5A1267126ED00001D2F /* DefaultBeliefRevisionStrategy.swift */; };
		480CB5A52671275800001D2F /* OptionGenerationStrategy.swift in Sources */ = {isa = PBXBuildFile; fileRef = 480CB5A42671275800001D2F /* OptionGenerationStrategy.swift */; };
		480CB5A8267127E000001D2F /* DefaultOptionGenerationStrategy.swift in Sources */ = {isa = PBXBuildFile; fileRef = 480CB5A7267127E000001D2F /* DefaultOptionGenerationStrategy.swift */; };
		480CB5AB2671283700001D2F /* DeliberationStrategy.swift in Sources */ = {isa = PBXBuildFile; fileRef = 480CB5AA2671283700001D2F /* DeliberationStrategy.swift */; };
		480CB5AE2671288100001D2F /* DefaultDeliberationStrategy.swift in Sources */ = {isa = PBXBuildFile; fileRef = 480CB5AD2671288100001D2F /* DefaultDeliberationStrategy.swift */; };
		480CB5B1267128F100001D2F /* PlanSelectionStrategy.swift in Sources */ = {isa = PBXBuildFile; fileRef = 480CB5B0267128F100001D2F /* PlanSelectionStrategy.swift */; };
		480CB5B42671295400001D2F /* DefaultPlanSelectionStrategy.swift in Sources */ = {isa = PBXBuildFile; fileRef = 480CB5B32671295400001D2F /* DefaultPlanSelectionStrategy.swift */; };
		480F41AC27B342DC00F43358 /* Server.swift in Sources */ = {isa = PBXBuildFile; fileRef = 480F41AB27B342DC00F43358 /* Server.swift */; };
		480F41AF27B342ED00F43358 /* ServerConnection.swift in Sources */ = {isa = PBXBuildFile; fileRef = 480F41AE27B342ED00F43358 /* ServerConnection.swift */; };
		480F41B227B3432100F43358 /* Client.swift in Sources */ = {isa = PBXBuildFile; fileRef = 480F41B127B3432100F43358 /* Client.swift */; };
		480F41B527B3432F00F43358 /* ClientConnection.swift in Sources */ = {isa = PBXBuildFile; fileRef = 480F41B427B3432F00F43358 /* ClientConnection.swift */; };
		480F41B827B34EB700F43358 /* ACLMessage.swift in Sources */ = {isa = PBXBuildFile; fileRef = 480F41B727B34EB700F43358 /* ACLMessage.swift */; };
		48105B262757B5EB002FC79B /* SocketSwift in Frameworks */ = {isa = PBXBuildFile; productRef = 48105B252757B5EB002FC79B /* SocketSwift */; };
		4826772024BF6881000C8008 /* TabBarControllerViewController.swift in Sources */ = {isa = PBXBuildFile; fileRef = 4826771F24BF6881000C8008 /* TabBarControllerViewController.swift */; };
		483BA24025DF459D00534639 /* VitalSignAction.swift in Sources */ = {isa = PBXBuildFile; fileRef = 483BA23F25DF459D00534639 /* VitalSignAction.swift */; };
		483BA24325DF45AE00534639 /* AlertAction.swift in Sources */ = {isa = PBXBuildFile; fileRef = 483BA24225DF45AE00534639 /* AlertAction.swift */; };
		483DB79525DD62E300522FBA /* Environment.swift in Sources */ = {isa = PBXBuildFile; fileRef = 483DB79425DD62E300522FBA /* Environment.swift */; };
		483DB79925DD668A00522FBA /* Agent.swift in Sources */ = {isa = PBXBuildFile; fileRef = 483DB79825DD668A00522FBA /* Agent.swift */; };
		483DB79C25DD6BEB00522FBA /* Goal.swift in Sources */ = {isa = PBXBuildFile; fileRef = 483DB79B25DD6BEB00522FBA /* Goal.swift */; };
		483DB79F25DD6BFD00522FBA /* Belief.swift in Sources */ = {isa = PBXBuildFile; fileRef = 483DB79E25DD6BFC00522FBA /* Belief.swift */; };
		483DB7A225DD6C1100522FBA /* Plan.swift in Sources */ = {isa = PBXBuildFile; fileRef = 483DB7A125DD6C1100522FBA /* Plan.swift */; };
		483DB7A525DD6C2B00522FBA /* Action.swift in Sources */ = {isa = PBXBuildFile; fileRef = 483DB7A425DD6C2B00522FBA /* Action.swift */; };
		483DB7A825DD6C3C00522FBA /* Condition.swift in Sources */ = {isa = PBXBuildFile; fileRef = 483DB7A725DD6C3C00522FBA /* Condition.swift */; };
		485DF0D724BBB22000EFD88A /* COVID19DAOIdentifyHCW.swift in Sources */ = {isa = PBXBuildFile; fileRef = 485DF0D624BBB22000EFD88A /* COVID19DAOIdentifyHCW.swift */; };
		485DF0D924BBB8D800EFD88A /* COVID19DAOOdentifyHospital.swift in Sources */ = {isa = PBXBuildFile; fileRef = 485DF0D824BBB8D800EFD88A /* COVID19DAOOdentifyHospital.swift */; };
		48613D02270DCAB0005490EA /* HealthKitSetupAssistant.swift in Sources */ = {isa = PBXBuildFile; fileRef = 48613D01270DCAB0005490EA /* HealthKitSetupAssistant.swift */; };
		48613D05270DCD03005490EA /* HealthKitReaderWriter.swift in Sources */ = {isa = PBXBuildFile; fileRef = 48613D04270DCD03005490EA /* HealthKitReaderWriter.swift */; };
		486DB8F626F1768B0068A14F /* HealthKit.framework in Frameworks */ = {isa = PBXBuildFile; fileRef = 486DB8F526F1768B0068A14F /* HealthKit.framework */; };
		486DB8FB26F17EE60068A14F /* Charts.framework in Frameworks */ = {isa = PBXBuildFile; fileRef = C9C6F054246EC79100B30BD1 /* Charts.framework */; };
		486DB8FC26F17EE90068A14F /* ChartsRealm.framework in Frameworks */ = {isa = PBXBuildFile; fileRef = C9C6F048246EC72500B30BD1 /* ChartsRealm.framework */; };
		486DB8FD26F17EEC0068A14F /* Pods_Monitor.framework in Frameworks */ = {isa = PBXBuildFile; fileRef = C9C6F049246EC72500B30BD1 /* Pods_Monitor.framework */; };
		486DB8FE26F17EEF0068A14F /* Realm.framework in Frameworks */ = {isa = PBXBuildFile; fileRef = C9C6F04A246EC72500B30BD1 /* Realm.framework */; };
		486DB8FF26F17EF30068A14F /* RealmSwift.framework in Frameworks */ = {isa = PBXBuildFile; fileRef = C9C6F04B246EC72500B30BD1 /* RealmSwift.framework */; };
		486DB90026F17EF80068A14F /* Pods_Monitor.framework in Frameworks */ = {isa = PBXBuildFile; fileRef = C9C6F043246EC70700B30BD1 /* Pods_Monitor.framework */; };
		486DB90126F17EFB0068A14F /* Charts.framework in Frameworks */ = {isa = PBXBuildFile; fileRef = C9C6F03D246EB89500B30BD1 /* Charts.framework */; };
		486DB90226F17EFE0068A14F /* Pods_Monitor.framework in Frameworks */ = {isa = PBXBuildFile; fileRef = 9C8662E25144E7284307E3F7 /* Pods_Monitor.framework */; };
		486F89AE24AD379F00556E00 /* Doctor.swift in Sources */ = {isa = PBXBuildFile; fileRef = 486F89AD24AD379F00556E00 /* Doctor.swift */; };
		486F89B024AD37C400556E00 /* Nurse.swift in Sources */ = {isa = PBXBuildFile; fileRef = 486F89AF24AD37C400556E00 /* Nurse.swift */; };
		486F89B224AD37E900556E00 /* HealthCareWorker.swift in Sources */ = {isa = PBXBuildFile; fileRef = 486F89B124AD37E900556E00 /* HealthCareWorker.swift */; };
		486F89B424AD3BD200556E00 /* Hospital.swift in Sources */ = {isa = PBXBuildFile; fileRef = 486F89B324AD3BD200556E00 /* Hospital.swift */; };
		486F89B624AD3E2700556E00 /* HospitalSector.swift in Sources */ = {isa = PBXBuildFile; fileRef = 486F89B524AD3E2700556E00 /* HospitalSector.swift */; };
		486F89B824AD406700556E00 /* Patient.swift in Sources */ = {isa = PBXBuildFile; fileRef = 486F89B724AD406700556E00 /* Patient.swift */; };
		486F89BA24AD436D00556E00 /* VitalSignType.swift in Sources */ = {isa = PBXBuildFile; fileRef = 486F89B924AD436D00556E00 /* VitalSignType.swift */; };
		486F89BC24AD446E00556E00 /* PatientVitalSign.swift in Sources */ = {isa = PBXBuildFile; fileRef = 486F89BB24AD446E00556E00 /* PatientVitalSign.swift */; };
		486F89C424AD4D0900556E00 /* DAONewData.swift in Sources */ = {isa = PBXBuildFile; fileRef = 486F89C324AD4D0900556E00 /* DAONewData.swift */; };
		4880D8B224AE6EB60087743E /* CollectorAction.swift in Sources */ = {isa = PBXBuildFile; fileRef = 4880D8B124AE6EB60087743E /* CollectorAction.swift */; };
		488A0F5527DD1A03003D9489 /* AnomaliesAction.swift in Sources */ = {isa = PBXBuildFile; fileRef = 488A0F5427DD1A03003D9489 /* AnomaliesAction.swift */; };
		4898DD5024B011C50020E6A7 /* COVID19Patient.swift in Sources */ = {isa = PBXBuildFile; fileRef = 4898DD4F24B011C50020E6A7 /* COVID19Patient.swift */; };
		4898DD5224B011F10020E6A7 /* COVID19UsefulData.swift in Sources */ = {isa = PBXBuildFile; fileRef = 4898DD5124B011F10020E6A7 /* COVID19UsefulData.swift */; };
		4898DD5424B012060020E6A7 /* COVID19Monitor.swift in Sources */ = {isa = PBXBuildFile; fileRef = 4898DD5324B012060020E6A7 /* COVID19Monitor.swift */; };
		48C1B83125DED42900725A90 /* SequencePlan.swift in Sources */ = {isa = PBXBuildFile; fileRef = 48C1B83025DED42900725A90 /* SequencePlan.swift */; };
		48C1B83425DED5A600725A90 /* OneShotAction.swift in Sources */ = {isa = PBXBuildFile; fileRef = 48C1B83325DED5A600725A90 /* OneShotAction.swift */; };
		48C1B83725DED97B00725A90 /* CyclicAction.swift in Sources */ = {isa = PBXBuildFile; fileRef = 48C1B83625DED97B00725A90 /* CyclicAction.swift */; };
		48CB576024B2BA7900245446 /* LoginController.swift in Sources */ = {isa = PBXBuildFile; fileRef = 48CB575F24B2BA7900245446 /* LoginController.swift */; };
		48CB576224B2BB3E00245446 /* ProfileController.swift in Sources */ = {isa = PBXBuildFile; fileRef = 48CB576124B2BB3E00245446 /* ProfileController.swift */; };
		48CB576424B2BC0000245446 /* PatientInfosController.swift in Sources */ = {isa = PBXBuildFile; fileRef = 48CB576324B2BC0000245446 /* PatientInfosController.swift */; };
		48CB576624B2BC3A00245446 /* LayoutMonitorController.swift in Sources */ = {isa = PBXBuildFile; fileRef = 48CB576524B2BC3A00245446 /* LayoutMonitorController.swift */; };
		48E276E424916F3B00BDAC77 /* MyPatientsController.swift in Sources */ = {isa = PBXBuildFile; fileRef = 48E276E324916F3B00BDAC77 /* MyPatientsController.swift */; };
		48E5BBF224BBCD34001758AA /* COVID19DAOGetPatients.swift in Sources */ = {isa = PBXBuildFile; fileRef = 48E5BBF124BBCD34001758AA /* COVID19DAOGetPatients.swift */; };
		48E894F024BD5CC0005F0573 /* COVID19DAOPatientVitalSign.swift in Sources */ = {isa = PBXBuildFile; fileRef = 48E894EF24BD5CC0005F0573 /* COVID19DAOPatientVitalSign.swift */; };
		48EE81BA24A428F800F30D54 /* HospitalPatientsController.swift in Sources */ = {isa = PBXBuildFile; fileRef = 48EE81B924A428F800F30D54 /* HospitalPatientsController.swift */; };
		C918AC992450CAAF00D8ED1B /* AppDelegate.swift in Sources */ = {isa = PBXBuildFile; fileRef = C918AC982450CAAF00D8ED1B /* AppDelegate.swift */; };
		C918AC9B2450CAAF00D8ED1B /* SceneDelegate.swift in Sources */ = {isa = PBXBuildFile; fileRef = C918AC9A2450CAAF00D8ED1B /* SceneDelegate.swift */; };
		C918ACA02450CAAF00D8ED1B /* Main.storyboard in Resources */ = {isa = PBXBuildFile; fileRef = C918AC9E2450CAAF00D8ED1B /* Main.storyboard */; };
		C918ACA22450CAB100D8ED1B /* Assets.xcassets in Resources */ = {isa = PBXBuildFile; fileRef = C918ACA12450CAB100D8ED1B /* Assets.xcassets */; };
		C918ACA52450CAB100D8ED1B /* LaunchScreen.storyboard in Resources */ = {isa = PBXBuildFile; fileRef = C918ACA32450CAB100D8ED1B /* LaunchScreen.storyboard */; };
		C918ACAF2450CD9E00D8ED1B /* CreateAccountController.swift in Sources */ = {isa = PBXBuildFile; fileRef = C918ACAE2450CD9E00D8ED1B /* CreateAccountController.swift */; };
		C9BDEB79246F524200A39C51 /* MonitorController.swift in Sources */ = {isa = PBXBuildFile; fileRef = C9BDEB78246F524200A39C51 /* MonitorController.swift */; };
		C9C6F047246EC71800B30BD1 /* UIKit.framework in Frameworks */ = {isa = PBXBuildFile; fileRef = C9C6F046246EC71800B30BD1 /* UIKit.framework */; };
/* End PBXBuildFile section */

/* Begin PBXFileReference section */
		285445ADCE937761C64D1276 /* Pods-Monitor.debug.xcconfig */ = {isa = PBXFileReference; includeInIndex = 1; lastKnownFileType = text.xcconfig; name = "Pods-Monitor.debug.xcconfig"; path = "Target Support Files/Pods-Monitor/Pods-Monitor.debug.xcconfig"; sourceTree = "<group>"; };
		480CB597267123E900001D2F /* BeliefRevisionStrategy.swift */ = {isa = PBXFileReference; lastKnownFileType = sourcecode.swift; path = BeliefRevisionStrategy.swift; sourceTree = "<group>"; };
		480CB59A2671251D00001D2F /* ReasoningStrategy.swift */ = {isa = PBXFileReference; lastKnownFileType = sourcecode.swift; path = ReasoningStrategy.swift; sourceTree = "<group>"; };
		480CB59E267125EA00001D2F /* AbstractReasoningStrategy.swift */ = {isa = PBXFileReference; lastKnownFileType = sourcecode.swift; path = AbstractReasoningStrategy.swift; sourceTree = "<group>"; };
		480CB5A1267126ED00001D2F /* DefaultBeliefRevisionStrategy.swift */ = {isa = PBXFileReference; lastKnownFileType = sourcecode.swift; path = DefaultBeliefRevisionStrategy.swift; sourceTree = "<group>"; };
		480CB5A42671275800001D2F /* OptionGenerationStrategy.swift */ = {isa = PBXFileReference; lastKnownFileType = sourcecode.swift; path = OptionGenerationStrategy.swift; sourceTree = "<group>"; };
		480CB5A7267127E000001D2F /* DefaultOptionGenerationStrategy.swift */ = {isa = PBXFileReference; lastKnownFileType = sourcecode.swift; path = DefaultOptionGenerationStrategy.swift; sourceTree = "<group>"; };
		480CB5AA2671283700001D2F /* DeliberationStrategy.swift */ = {isa = PBXFileReference; lastKnownFileType = sourcecode.swift; path = DeliberationStrategy.swift; sourceTree = "<group>"; };
		480CB5AD2671288100001D2F /* DefaultDeliberationStrategy.swift */ = {isa = PBXFileReference; lastKnownFileType = sourcecode.swift; path = DefaultDeliberationStrategy.swift; sourceTree = "<group>"; };
		480CB5B0267128F100001D2F /* PlanSelectionStrategy.swift */ = {isa = PBXFileReference; lastKnownFileType = sourcecode.swift; path = PlanSelectionStrategy.swift; sourceTree = "<group>"; };
		480CB5B32671295400001D2F /* DefaultPlanSelectionStrategy.swift */ = {isa = PBXFileReference; lastKnownFileType = sourcecode.swift; path = DefaultPlanSelectionStrategy.swift; sourceTree = "<group>"; };
		480F41AB27B342DC00F43358 /* Server.swift */ = {isa = PBXFileReference; lastKnownFileType = sourcecode.swift; path = Server.swift; sourceTree = "<group>"; };
		480F41AE27B342ED00F43358 /* ServerConnection.swift */ = {isa = PBXFileReference; lastKnownFileType = sourcecode.swift; path = ServerConnection.swift; sourceTree = "<group>"; };
		480F41B127B3432100F43358 /* Client.swift */ = {isa = PBXFileReference; lastKnownFileType = sourcecode.swift; path = Client.swift; sourceTree = "<group>"; };
		480F41B427B3432F00F43358 /* ClientConnection.swift */ = {isa = PBXFileReference; lastKnownFileType = sourcecode.swift; path = ClientConnection.swift; sourceTree = "<group>"; };
		480F41B727B34EB700F43358 /* ACLMessage.swift */ = {isa = PBXFileReference; lastKnownFileType = sourcecode.swift; path = ACLMessage.swift; sourceTree = "<group>"; };
		4826771F24BF6881000C8008 /* TabBarControllerViewController.swift */ = {isa = PBXFileReference; lastKnownFileType = sourcecode.swift; path = TabBarControllerViewController.swift; sourceTree = "<group>"; };
		483BA23F25DF459D00534639 /* VitalSignAction.swift */ = {isa = PBXFileReference; lastKnownFileType = sourcecode.swift; path = VitalSignAction.swift; sourceTree = "<group>"; };
		483BA24225DF45AE00534639 /* AlertAction.swift */ = {isa = PBXFileReference; lastKnownFileType = sourcecode.swift; path = AlertAction.swift; sourceTree = "<group>"; };
		483DB79425DD62E300522FBA /* Environment.swift */ = {isa = PBXFileReference; lastKnownFileType = sourcecode.swift; path = Environment.swift; sourceTree = "<group>"; };
		483DB79825DD668A00522FBA /* Agent.swift */ = {isa = PBXFileReference; lastKnownFileType = sourcecode.swift; path = Agent.swift; sourceTree = "<group>"; };
		483DB79B25DD6BEB00522FBA /* Goal.swift */ = {isa = PBXFileReference; lastKnownFileType = sourcecode.swift; path = Goal.swift; sourceTree = "<group>"; };
		483DB79E25DD6BFC00522FBA /* Belief.swift */ = {isa = PBXFileReference; lastKnownFileType = sourcecode.swift; path = Belief.swift; sourceTree = "<group>"; };
		483DB7A125DD6C1100522FBA /* Plan.swift */ = {isa = PBXFileReference; lastKnownFileType = sourcecode.swift; path = Plan.swift; sourceTree = "<group>"; };
		483DB7A425DD6C2B00522FBA /* Action.swift */ = {isa = PBXFileReference; lastKnownFileType = sourcecode.swift; path = Action.swift; sourceTree = "<group>"; };
		483DB7A725DD6C3C00522FBA /* Condition.swift */ = {isa = PBXFileReference; lastKnownFileType = sourcecode.swift; path = Condition.swift; sourceTree = "<group>"; };
		485DF0D624BBB22000EFD88A /* COVID19DAOIdentifyHCW.swift */ = {isa = PBXFileReference; lastKnownFileType = sourcecode.swift; path = COVID19DAOIdentifyHCW.swift; sourceTree = "<group>"; };
		485DF0D824BBB8D800EFD88A /* COVID19DAOOdentifyHospital.swift */ = {isa = PBXFileReference; lastKnownFileType = sourcecode.swift; path = COVID19DAOOdentifyHospital.swift; sourceTree = "<group>"; };
		48613D01270DCAB0005490EA /* HealthKitSetupAssistant.swift */ = {isa = PBXFileReference; lastKnownFileType = sourcecode.swift; path = HealthKitSetupAssistant.swift; sourceTree = "<group>"; };
		48613D04270DCD03005490EA /* HealthKitReaderWriter.swift */ = {isa = PBXFileReference; lastKnownFileType = sourcecode.swift; path = HealthKitReaderWriter.swift; sourceTree = "<group>"; };
		486DB8F426F1768B0068A14F /* Monitor.entitlements */ = {isa = PBXFileReference; lastKnownFileType = text.plist.entitlements; path = Monitor.entitlements; sourceTree = "<group>"; };
		486DB8F526F1768B0068A14F /* HealthKit.framework */ = {isa = PBXFileReference; lastKnownFileType = wrapper.framework; name = HealthKit.framework; path = System/Library/Frameworks/HealthKit.framework; sourceTree = SDKROOT; };
		486F89AD24AD379F00556E00 /* Doctor.swift */ = {isa = PBXFileReference; lastKnownFileType = sourcecode.swift; path = Doctor.swift; sourceTree = "<group>"; };
		486F89AF24AD37C400556E00 /* Nurse.swift */ = {isa = PBXFileReference; lastKnownFileType = sourcecode.swift; path = Nurse.swift; sourceTree = "<group>"; };
		486F89B124AD37E900556E00 /* HealthCareWorker.swift */ = {isa = PBXFileReference; lastKnownFileType = sourcecode.swift; path = HealthCareWorker.swift; sourceTree = "<group>"; };
		486F89B324AD3BD200556E00 /* Hospital.swift */ = {isa = PBXFileReference; lastKnownFileType = sourcecode.swift; path = Hospital.swift; sourceTree = "<group>"; };
		486F89B524AD3E2700556E00 /* HospitalSector.swift */ = {isa = PBXFileReference; lastKnownFileType = sourcecode.swift; path = HospitalSector.swift; sourceTree = "<group>"; };
		486F89B724AD406700556E00 /* Patient.swift */ = {isa = PBXFileReference; lastKnownFileType = sourcecode.swift; path = Patient.swift; sourceTree = "<group>"; };
		486F89B924AD436D00556E00 /* VitalSignType.swift */ = {isa = PBXFileReference; lastKnownFileType = sourcecode.swift; path = VitalSignType.swift; sourceTree = "<group>"; };
		486F89BB24AD446E00556E00 /* PatientVitalSign.swift */ = {isa = PBXFileReference; lastKnownFileType = sourcecode.swift; path = PatientVitalSign.swift; sourceTree = "<group>"; };
		486F89C324AD4D0900556E00 /* DAONewData.swift */ = {isa = PBXFileReference; lastKnownFileType = sourcecode.swift; path = DAONewData.swift; sourceTree = "<group>"; };
		4880D8B124AE6EB60087743E /* CollectorAction.swift */ = {isa = PBXFileReference; lastKnownFileType = sourcecode.swift; path = CollectorAction.swift; sourceTree = "<group>"; };
		488A0F5427DD1A03003D9489 /* AnomaliesAction.swift */ = {isa = PBXFileReference; lastKnownFileType = sourcecode.swift; path = AnomaliesAction.swift; sourceTree = "<group>"; };
		4898DD4F24B011C50020E6A7 /* COVID19Patient.swift */ = {isa = PBXFileReference; lastKnownFileType = sourcecode.swift; path = COVID19Patient.swift; sourceTree = "<group>"; };
		4898DD5124B011F10020E6A7 /* COVID19UsefulData.swift */ = {isa = PBXFileReference; lastKnownFileType = sourcecode.swift; path = COVID19UsefulData.swift; sourceTree = "<group>"; };
		4898DD5324B012060020E6A7 /* COVID19Monitor.swift */ = {isa = PBXFileReference; lastKnownFileType = sourcecode.swift; path = COVID19Monitor.swift; sourceTree = "<group>"; };
		48C1B83025DED42900725A90 /* SequencePlan.swift */ = {isa = PBXFileReference; lastKnownFileType = sourcecode.swift; path = SequencePlan.swift; sourceTree = "<group>"; };
		48C1B83325DED5A600725A90 /* OneShotAction.swift */ = {isa = PBXFileReference; lastKnownFileType = sourcecode.swift; path = OneShotAction.swift; sourceTree = "<group>"; };
		48C1B83625DED97B00725A90 /* CyclicAction.swift */ = {isa = PBXFileReference; lastKnownFileType = sourcecode.swift; path = CyclicAction.swift; sourceTree = "<group>"; };
		48CB575F24B2BA7900245446 /* LoginController.swift */ = {isa = PBXFileReference; lastKnownFileType = sourcecode.swift; path = LoginController.swift; sourceTree = "<group>"; };
		48CB576124B2BB3E00245446 /* ProfileController.swift */ = {isa = PBXFileReference; lastKnownFileType = sourcecode.swift; path = ProfileController.swift; sourceTree = "<group>"; };
		48CB576324B2BC0000245446 /* PatientInfosController.swift */ = {isa = PBXFileReference; lastKnownFileType = sourcecode.swift; path = PatientInfosController.swift; sourceTree = "<group>"; };
		48CB576524B2BC3A00245446 /* LayoutMonitorController.swift */ = {isa = PBXFileReference; lastKnownFileType = sourcecode.swift; path = LayoutMonitorController.swift; sourceTree = "<group>"; };
		48E276E324916F3B00BDAC77 /* MyPatientsController.swift */ = {isa = PBXFileReference; lastKnownFileType = sourcecode.swift; path = MyPatientsController.swift; sourceTree = "<group>"; };
		48E5BBF124BBCD34001758AA /* COVID19DAOGetPatients.swift */ = {isa = PBXFileReference; lastKnownFileType = sourcecode.swift; path = COVID19DAOGetPatients.swift; sourceTree = "<group>"; };
		48E894EF24BD5CC0005F0573 /* COVID19DAOPatientVitalSign.swift */ = {isa = PBXFileReference; lastKnownFileType = sourcecode.swift; path = COVID19DAOPatientVitalSign.swift; sourceTree = "<group>"; };
		48EE81B924A428F800F30D54 /* HospitalPatientsController.swift */ = {isa = PBXFileReference; fileEncoding = 4; lastKnownFileType = sourcecode.swift; path = HospitalPatientsController.swift; sourceTree = "<group>"; };
		8725F8C3234C5CE14E9237DA /* Pods-Monitor.release.xcconfig */ = {isa = PBXFileReference; includeInIndex = 1; lastKnownFileType = text.xcconfig; name = "Pods-Monitor.release.xcconfig"; path = "Target Support Files/Pods-Monitor/Pods-Monitor.release.xcconfig"; sourceTree = "<group>"; };
		9C8662E25144E7284307E3F7 /* Pods_Monitor.framework */ = {isa = PBXFileReference; explicitFileType = wrapper.framework; includeInIndex = 0; path = Pods_Monitor.framework; sourceTree = BUILT_PRODUCTS_DIR; };
		C918AC952450CAAF00D8ED1B /* Monitor.app */ = {isa = PBXFileReference; explicitFileType = wrapper.application; includeInIndex = 0; path = Monitor.app; sourceTree = BUILT_PRODUCTS_DIR; };
		C918AC982450CAAF00D8ED1B /* AppDelegate.swift */ = {isa = PBXFileReference; lastKnownFileType = sourcecode.swift; path = AppDelegate.swift; sourceTree = "<group>"; };
		C918AC9A2450CAAF00D8ED1B /* SceneDelegate.swift */ = {isa = PBXFileReference; lastKnownFileType = sourcecode.swift; path = SceneDelegate.swift; sourceTree = "<group>"; };
		C918AC9F2450CAAF00D8ED1B /* Base */ = {isa = PBXFileReference; lastKnownFileType = file.storyboard; name = Base; path = Base.lproj/Main.storyboard; sourceTree = "<group>"; };
		C918ACA12450CAB100D8ED1B /* Assets.xcassets */ = {isa = PBXFileReference; lastKnownFileType = folder.assetcatalog; path = Assets.xcassets; sourceTree = "<group>"; };
		C918ACA42450CAB100D8ED1B /* Base */ = {isa = PBXFileReference; lastKnownFileType = file.storyboard; name = Base; path = Base.lproj/LaunchScreen.storyboard; sourceTree = "<group>"; };
		C918ACA62450CAB100D8ED1B /* Info.plist */ = {isa = PBXFileReference; lastKnownFileType = text.plist.xml; path = Info.plist; sourceTree = "<group>"; };
		C918ACAE2450CD9E00D8ED1B /* CreateAccountController.swift */ = {isa = PBXFileReference; lastKnownFileType = sourcecode.swift; path = CreateAccountController.swift; sourceTree = "<group>"; };
		C9BDEB78246F524200A39C51 /* MonitorController.swift */ = {isa = PBXFileReference; lastKnownFileType = sourcecode.swift; path = MonitorController.swift; sourceTree = "<group>"; };
		C9C6F03D246EB89500B30BD1 /* Charts.framework */ = {isa = PBXFileReference; explicitFileType = wrapper.framework; path = Charts.framework; sourceTree = BUILT_PRODUCTS_DIR; };
		C9C6F043246EC70700B30BD1 /* Pods_Monitor.framework */ = {isa = PBXFileReference; explicitFileType = wrapper.framework; path = Pods_Monitor.framework; sourceTree = BUILT_PRODUCTS_DIR; };
		C9C6F046246EC71800B30BD1 /* UIKit.framework */ = {isa = PBXFileReference; lastKnownFileType = wrapper.framework; name = UIKit.framework; path = System/Library/Frameworks/UIKit.framework; sourceTree = SDKROOT; };
		C9C6F048246EC72500B30BD1 /* ChartsRealm.framework */ = {isa = PBXFileReference; explicitFileType = wrapper.framework; path = ChartsRealm.framework; sourceTree = BUILT_PRODUCTS_DIR; };
		C9C6F049246EC72500B30BD1 /* Pods_Monitor.framework */ = {isa = PBXFileReference; explicitFileType = wrapper.framework; path = Pods_Monitor.framework; sourceTree = BUILT_PRODUCTS_DIR; };
		C9C6F04A246EC72500B30BD1 /* Realm.framework */ = {isa = PBXFileReference; explicitFileType = wrapper.framework; path = Realm.framework; sourceTree = BUILT_PRODUCTS_DIR; };
		C9C6F04B246EC72500B30BD1 /* RealmSwift.framework */ = {isa = PBXFileReference; explicitFileType = wrapper.framework; path = RealmSwift.framework; sourceTree = BUILT_PRODUCTS_DIR; };
		C9C6F054246EC79100B30BD1 /* Charts.framework */ = {isa = PBXFileReference; explicitFileType = wrapper.framework; path = Charts.framework; sourceTree = BUILT_PRODUCTS_DIR; };
/* End PBXFileReference section */

/* Begin PBXFrameworksBuildPhase section */
		C918AC922450CAAF00D8ED1B /* Frameworks */ = {
			isa = PBXFrameworksBuildPhase;
			buildActionMask = 2147483647;
			files = (
				486DB8FE26F17EEF0068A14F /* Realm.framework in Frameworks */,
				486DB8FB26F17EE60068A14F /* Charts.framework in Frameworks */,
				486DB8FF26F17EF30068A14F /* RealmSwift.framework in Frameworks */,
				486DB90226F17EFE0068A14F /* Pods_Monitor.framework in Frameworks */,
				486DB90126F17EFB0068A14F /* Charts.framework in Frameworks */,
				C9C6F047246EC71800B30BD1 /* UIKit.framework in Frameworks */,
				486DB8F626F1768B0068A14F /* HealthKit.framework in Frameworks */,
				486DB8FD26F17EEC0068A14F /* Pods_Monitor.framework in Frameworks */,
				486DB8FC26F17EE90068A14F /* ChartsRealm.framework in Frameworks */,
				486DB90026F17EF80068A14F /* Pods_Monitor.framework in Frameworks */,
				48105B262757B5EB002FC79B /* SocketSwift in Frameworks */,
			);
			runOnlyForDeploymentPostprocessing = 0;
		};
/* End PBXFrameworksBuildPhase section */

/* Begin PBXGroup section */
		3D913AE28C319CF686AE1BE9 /* Frameworks */ = {
			isa = PBXGroup;
			children = (
				486DB8F526F1768B0068A14F /* HealthKit.framework */,
				C9C6F054246EC79100B30BD1 /* Charts.framework */,
				C9C6F048246EC72500B30BD1 /* ChartsRealm.framework */,
				C9C6F049246EC72500B30BD1 /* Pods_Monitor.framework */,
				C9C6F04A246EC72500B30BD1 /* Realm.framework */,
				C9C6F04B246EC72500B30BD1 /* RealmSwift.framework */,
				C9C6F046246EC71800B30BD1 /* UIKit.framework */,
				C9C6F043246EC70700B30BD1 /* Pods_Monitor.framework */,
				C9C6F03D246EB89500B30BD1 /* Charts.framework */,
				9C8662E25144E7284307E3F7 /* Pods_Monitor.framework */,
			);
			name = Frameworks;
			sourceTree = "<group>";
		};
		480CB5962671231E00001D2F /* BDIReasoning */ = {
			isa = PBXGroup;
			children = (
				480CB59A2671251D00001D2F /* ReasoningStrategy.swift */,
				480CB59E267125EA00001D2F /* AbstractReasoningStrategy.swift */,
				480CB597267123E900001D2F /* BeliefRevisionStrategy.swift */,
				480CB5A1267126ED00001D2F /* DefaultBeliefRevisionStrategy.swift */,
				480CB5A42671275800001D2F /* OptionGenerationStrategy.swift */,
				480CB5A7267127E000001D2F /* DefaultOptionGenerationStrategy.swift */,
				480CB5AA2671283700001D2F /* DeliberationStrategy.swift */,
				480CB5AD2671288100001D2F /* DefaultDeliberationStrategy.swift */,
				480CB5B0267128F100001D2F /* PlanSelectionStrategy.swift */,
				480CB5B32671295400001D2F /* DefaultPlanSelectionStrategy.swift */,
			);
			path = BDIReasoning;
			sourceTree = "<group>";
		};
		483650DA25E2B9AC00FF7982 /* DAOs */ = {
			isa = PBXGroup;
			children = (
				485DF0D624BBB22000EFD88A /* COVID19DAOIdentifyHCW.swift */,
				485DF0D824BBB8D800EFD88A /* COVID19DAOOdentifyHospital.swift */,
				48E5BBF124BBCD34001758AA /* COVID19DAOGetPatients.swift */,
				48E894EF24BD5CC0005F0573 /* COVID19DAOPatientVitalSign.swift */,
			);
			path = DAOs;
			sourceTree = "<group>";
		};
		483650DB25E2BA3E00FF7982 /* COVID19 */ = {
			isa = PBXGroup;
			children = (
				4898DD4F24B011C50020E6A7 /* COVID19Patient.swift */,
				4898DD5124B011F10020E6A7 /* COVID19UsefulData.swift */,
				4898DD5324B012060020E6A7 /* COVID19Monitor.swift */,
				483650DA25E2B9AC00FF7982 /* DAOs */,
			);
			path = COVID19;
			sourceTree = "<group>";
		};
		483BA23D25DF3BA800534639 /* Actions */ = {
			isa = PBXGroup;
			children = (
				4880D8B124AE6EB60087743E /* CollectorAction.swift */,
				483BA23F25DF459D00534639 /* VitalSignAction.swift */,
				483BA24225DF45AE00534639 /* AlertAction.swift */,
			);
			path = Actions;
			sourceTree = "<group>";
		};
		483DB79325DD61BC00522FBA /* Core */ = {
			isa = PBXGroup;
			children = (
				483DB79825DD668A00522FBA /* Agent.swift */,
				483DB79425DD62E300522FBA /* Environment.swift */,
				483DB79B25DD6BEB00522FBA /* Goal.swift */,
				4884E9F325DF0C4E003FC838 /* Plan */,
				483DB79E25DD6BFC00522FBA /* Belief.swift */,
				4884E9F125DF0C08003FC838 /* Action */,
				483DB7A725DD6C3C00522FBA /* Condition.swift */,
				4878B04D2695F3490035E52C /* Agent Management */,
			);
			path = Core;
			sourceTree = "<group>";
		};
		486F89AC24AD377200556E00 /* Health */ = {
			isa = PBXGroup;
			children = (
				486F89B124AD37E900556E00 /* HealthCareWorker.swift */,
				486F89AD24AD379F00556E00 /* Doctor.swift */,
				486F89AF24AD37C400556E00 /* Nurse.swift */,
				486F89B724AD406700556E00 /* Patient.swift */,
				486F89B324AD3BD200556E00 /* Hospital.swift */,
				486F89B524AD3E2700556E00 /* HospitalSector.swift */,
				486F89BB24AD446E00556E00 /* PatientVitalSign.swift */,
				486F89B924AD436D00556E00 /* VitalSignType.swift */,
				486F89C324AD4D0900556E00 /* DAONewData.swift */,
				48613D01270DCAB0005490EA /* HealthKitSetupAssistant.swift */,
				48613D04270DCD03005490EA /* HealthKitReaderWriter.swift */,
				488A0F5427DD1A03003D9489 /* AnomaliesAction.swift */,
			);
			path = Health;
			sourceTree = "<group>";
		};
		4878B04C2695F2F40035E52C /* Communication */ = {
			isa = PBXGroup;
			children = (
				480F41B727B34EB700F43358 /* ACLMessage.swift */,
				480F41AB27B342DC00F43358 /* Server.swift */,
				480F41AE27B342ED00F43358 /* ServerConnection.swift */,
				480F41B127B3432100F43358 /* Client.swift */,
				480F41B427B3432F00F43358 /* ClientConnection.swift */,
			);
			path = Communication;
			sourceTree = "<group>";
		};
		4878B04D2695F3490035E52C /* Agent Management */ = {
			isa = PBXGroup;
			children = (
			);
			path = "Agent Management";
			sourceTree = "<group>";
		};
		4884E9F125DF0C08003FC838 /* Action */ = {
			isa = PBXGroup;
			children = (
				483DB7A425DD6C2B00522FBA /* Action.swift */,
				48C1B83325DED5A600725A90 /* OneShotAction.swift */,
				48C1B83625DED97B00725A90 /* CyclicAction.swift */,
			);
			path = Action;
			sourceTree = "<group>";
		};
		4884E9F325DF0C4E003FC838 /* Plan */ = {
			isa = PBXGroup;
			children = (
				483DB7A125DD6C1100522FBA /* Plan.swift */,
				48C1B83025DED42900725A90 /* SequencePlan.swift */,
			);
			path = Plan;
			sourceTree = "<group>";
		};
		4885A2EC24A52A2500F1D5D7 /* Instance */ = {
			isa = PBXGroup;
			children = (
				C918ACB02450CF4300D8ED1B /* Model */,
			);
			path = Instance;
			sourceTree = "<group>";
		};
		4892B57926934216004E20D7 /* Framework */ = {
			isa = PBXGroup;
			children = (
				483DB79325DD61BC00522FBA /* Core */,
				480CB5962671231E00001D2F /* BDIReasoning */,
				4878B04C2695F2F40035E52C /* Communication */,
				486F89AC24AD377200556E00 /* Health */,
			);
			path = Framework;
			sourceTree = "<group>";
		};
		B998EE18EAE02F0D67B45E13 /* Pods */ = {
			isa = PBXGroup;
			children = (
				285445ADCE937761C64D1276 /* Pods-Monitor.debug.xcconfig */,
				8725F8C3234C5CE14E9237DA /* Pods-Monitor.release.xcconfig */,
			);
			path = Pods;
			sourceTree = "<group>";
		};
		C918AC8C2450CAAF00D8ED1B = {
			isa = PBXGroup;
			children = (
				C918AC972450CAAF00D8ED1B /* Monitor */,
				C918AC962450CAAF00D8ED1B /* Products */,
				B998EE18EAE02F0D67B45E13 /* Pods */,
				3D913AE28C319CF686AE1BE9 /* Frameworks */,
			);
			sourceTree = "<group>";
		};
		C918AC962450CAAF00D8ED1B /* Products */ = {
			isa = PBXGroup;
			children = (
				C918AC952450CAAF00D8ED1B /* Monitor.app */,
			);
			name = Products;
			sourceTree = "<group>";
		};
		C918AC972450CAAF00D8ED1B /* Monitor */ = {
			isa = PBXGroup;
			children = (
				486DB8F426F1768B0068A14F /* Monitor.entitlements */,
				4892B57926934216004E20D7 /* Framework */,
				4885A2EC24A52A2500F1D5D7 /* Instance */,
				C918ACB12450CF4B00D8ED1B /* View */,
				C918ACB22450CF5700D8ED1B /* Controller */,
				C918AC982450CAAF00D8ED1B /* AppDelegate.swift */,
				C918AC9A2450CAAF00D8ED1B /* SceneDelegate.swift */,
				C918ACA12450CAB100D8ED1B /* Assets.xcassets */,
				C918ACA62450CAB100D8ED1B /* Info.plist */,
			);
			path = Monitor;
			sourceTree = "<group>";
		};
		C918ACB02450CF4300D8ED1B /* Model */ = {
			isa = PBXGroup;
			children = (
				483BA23D25DF3BA800534639 /* Actions */,
				483650DB25E2BA3E00FF7982 /* COVID19 */,
			);
			path = Model;
			sourceTree = "<group>";
		};
		C918ACB12450CF4B00D8ED1B /* View */ = {
			isa = PBXGroup;
			children = (
				C918AC9E2450CAAF00D8ED1B /* Main.storyboard */,
				C918ACA32450CAB100D8ED1B /* LaunchScreen.storyboard */,
			);
			path = View;
			sourceTree = "<group>";
		};
		C918ACB22450CF5700D8ED1B /* Controller */ = {
			isa = PBXGroup;
			children = (
				48CB575F24B2BA7900245446 /* LoginController.swift */,
				C918ACAE2450CD9E00D8ED1B /* CreateAccountController.swift */,
				48EE81B924A428F800F30D54 /* HospitalPatientsController.swift */,
				48CB576524B2BC3A00245446 /* LayoutMonitorController.swift */,
				C9BDEB78246F524200A39C51 /* MonitorController.swift */,
				48E276E324916F3B00BDAC77 /* MyPatientsController.swift */,
				48CB576324B2BC0000245446 /* PatientInfosController.swift */,
				48CB576124B2BB3E00245446 /* ProfileController.swift */,
				4826771F24BF6881000C8008 /* TabBarControllerViewController.swift */,
			);
			path = Controller;
			sourceTree = "<group>";
		};
/* End PBXGroup section */

/* Begin PBXNativeTarget section */
		C918AC942450CAAF00D8ED1B /* Monitor */ = {
			isa = PBXNativeTarget;
			buildConfigurationList = C918ACA92450CAB100D8ED1B /* Build configuration list for PBXNativeTarget "Monitor" */;
			buildPhases = (
				847614EFC47AC85CBE8F5735 /* [CP] Check Pods Manifest.lock */,
				C918AC912450CAAF00D8ED1B /* Sources */,
				C918AC922450CAAF00D8ED1B /* Frameworks */,
				C918AC932450CAAF00D8ED1B /* Resources */,
				ECDA44BED5005D3BB1D65E74 /* [CP] Embed Pods Frameworks */,
			);
			buildRules = (
			);
			dependencies = (
			);
			name = Monitor;
			packageProductDependencies = (
				48105B252757B5EB002FC79B /* SocketSwift */,
			);
			productName = Monitor;
			productReference = C918AC952450CAAF00D8ED1B /* Monitor.app */;
			productType = "com.apple.product-type.application";
		};
/* End PBXNativeTarget section */

/* Begin PBXProject section */
		C918AC8D2450CAAF00D8ED1B /* Project object */ = {
			isa = PBXProject;
			attributes = {
				LastSwiftUpdateCheck = 1140;
				LastUpgradeCheck = 1240;
				ORGANIZATIONNAME = "Polyana Barboza";
				TargetAttributes = {
					C918AC942450CAAF00D8ED1B = {
						CreatedOnToolsVersion = 11.4;
					};
				};
			};
			buildConfigurationList = C918AC902450CAAF00D8ED1B /* Build configuration list for PBXProject "Monitor" */;
			compatibilityVersion = "Xcode 9.3";
			developmentRegion = en;
			hasScannedForEncodings = 0;
			knownRegions = (
				en,
				Base,
			);
			mainGroup = C918AC8C2450CAAF00D8ED1B;
			packageReferences = (
				48105B242757B5EB002FC79B /* XCRemoteSwiftPackageReference "Socket.swift" */,
			);
			productRefGroup = C918AC962450CAAF00D8ED1B /* Products */;
			projectDirPath = "";
			projectRoot = "";
			targets = (
				C918AC942450CAAF00D8ED1B /* Monitor */,
			);
		};
/* End PBXProject section */

/* Begin PBXResourcesBuildPhase section */
		C918AC932450CAAF00D8ED1B /* Resources */ = {
			isa = PBXResourcesBuildPhase;
			buildActionMask = 2147483647;
			files = (
				C918ACA52450CAB100D8ED1B /* LaunchScreen.storyboard in Resources */,
				C918ACA22450CAB100D8ED1B /* Assets.xcassets in Resources */,
				C918ACA02450CAAF00D8ED1B /* Main.storyboard in Resources */,
			);
			runOnlyForDeploymentPostprocessing = 0;
		};
/* End PBXResourcesBuildPhase section */

/* Begin PBXShellScriptBuildPhase section */
		847614EFC47AC85CBE8F5735 /* [CP] Check Pods Manifest.lock */ = {
			isa = PBXShellScriptBuildPhase;
			buildActionMask = 2147483647;
			files = (
			);
			inputFileListPaths = (
			);
			inputPaths = (
				"${PODS_PODFILE_DIR_PATH}/Podfile.lock",
				"${PODS_ROOT}/Manifest.lock",
			);
			name = "[CP] Check Pods Manifest.lock";
			outputFileListPaths = (
			);
			outputPaths = (
				"$(DERIVED_FILE_DIR)/Pods-Monitor-checkManifestLockResult.txt",
			);
			runOnlyForDeploymentPostprocessing = 0;
			shellPath = /bin/sh;
			shellScript = "diff \"${PODS_PODFILE_DIR_PATH}/Podfile.lock\" \"${PODS_ROOT}/Manifest.lock\" > /dev/null\nif [ $? != 0 ] ; then\n    # print error to STDERR\n    echo \"error: The sandbox is not in sync with the Podfile.lock. Run 'pod install' or update your CocoaPods installation.\" >&2\n    exit 1\nfi\n# This output is used by Xcode 'outputs' to avoid re-running this script phase.\necho \"SUCCESS\" > \"${SCRIPT_OUTPUT_FILE_0}\"\n";
			showEnvVarsInLog = 0;
		};
		ECDA44BED5005D3BB1D65E74 /* [CP] Embed Pods Frameworks */ = {
			isa = PBXShellScriptBuildPhase;
			buildActionMask = 2147483647;
			files = (
			);
			inputFileListPaths = (
				"${PODS_ROOT}/Target Support Files/Pods-Monitor/Pods-Monitor-frameworks-${CONFIGURATION}-input-files.xcfilelist",
			);
			name = "[CP] Embed Pods Frameworks";
			outputFileListPaths = (
				"${PODS_ROOT}/Target Support Files/Pods-Monitor/Pods-Monitor-frameworks-${CONFIGURATION}-output-files.xcfilelist",
			);
			runOnlyForDeploymentPostprocessing = 0;
			shellPath = /bin/sh;
			shellScript = "\"${PODS_ROOT}/Target Support Files/Pods-Monitor/Pods-Monitor-frameworks.sh\"\n";
			showEnvVarsInLog = 0;
		};
/* End PBXShellScriptBuildPhase section */

/* Begin PBXSourcesBuildPhase section */
		C918AC912450CAAF00D8ED1B /* Sources */ = {
			isa = PBXSourcesBuildPhase;
			buildActionMask = 2147483647;
			files = (
				483BA24325DF45AE00534639 /* AlertAction.swift in Sources */,
				48C1B83725DED97B00725A90 /* CyclicAction.swift in Sources */,
				4898DD5224B011F10020E6A7 /* COVID19UsefulData.swift in Sources */,
				483DB79525DD62E300522FBA /* Environment.swift in Sources */,
				480CB5B42671295400001D2F /* DefaultPlanSelectionStrategy.swift in Sources */,
				48E5BBF224BBCD34001758AA /* COVID19DAOGetPatients.swift in Sources */,
				485DF0D924BBB8D800EFD88A /* COVID19DAOOdentifyHospital.swift in Sources */,
				4880D8B224AE6EB60087743E /* CollectorAction.swift in Sources */,
				48EE81BA24A428F800F30D54 /* HospitalPatientsController.swift in Sources */,
				48CB576224B2BB3E00245446 /* ProfileController.swift in Sources */,
				48E894F024BD5CC0005F0573 /* COVID19DAOPatientVitalSign.swift in Sources */,
				480F41B827B34EB700F43358 /* ACLMessage.swift in Sources */,
				48CB576424B2BC0000245446 /* PatientInfosController.swift in Sources */,
				48C1B83425DED5A600725A90 /* OneShotAction.swift in Sources */,
				483DB79C25DD6BEB00522FBA /* Goal.swift in Sources */,
				486F89C424AD4D0900556E00 /* DAONewData.swift in Sources */,
				48613D05270DCD03005490EA /* HealthKitReaderWriter.swift in Sources */,
				480F41B527B3432F00F43358 /* ClientConnection.swift in Sources */,
				486F89B224AD37E900556E00 /* HealthCareWorker.swift in Sources */,
				480F41AF27B342ED00F43358 /* ServerConnection.swift in Sources */,
				480CB5A2267126ED00001D2F /* DefaultBeliefRevisionStrategy.swift in Sources */,
				483DB7A525DD6C2B00522FBA /* Action.swift in Sources */,
				483DB7A825DD6C3C00522FBA /* Condition.swift in Sources */,
				4898DD5424B012060020E6A7 /* COVID19Monitor.swift in Sources */,
				480CB59F267125EA00001D2F /* AbstractReasoningStrategy.swift in Sources */,
				C9BDEB79246F524200A39C51 /* MonitorController.swift in Sources */,
				483BA24025DF459D00534639 /* VitalSignAction.swift in Sources */,
				C918ACAF2450CD9E00D8ED1B /* CreateAccountController.swift in Sources */,
				480CB5B1267128F100001D2F /* PlanSelectionStrategy.swift in Sources */,
				48E276E424916F3B00BDAC77 /* MyPatientsController.swift in Sources */,
				483DB79F25DD6BFD00522FBA /* Belief.swift in Sources */,
				C918AC992450CAAF00D8ED1B /* AppDelegate.swift in Sources */,
				48613D02270DCAB0005490EA /* HealthKitSetupAssistant.swift in Sources */,
				480CB5A52671275800001D2F /* OptionGenerationStrategy.swift in Sources */,
				486F89BA24AD436D00556E00 /* VitalSignType.swift in Sources */,
				480F41B227B3432100F43358 /* Client.swift in Sources */,
				480CB5A8267127E000001D2F /* DefaultOptionGenerationStrategy.swift in Sources */,
				488A0F5527DD1A03003D9489 /* AnomaliesAction.swift in Sources */,
				486F89B824AD406700556E00 /* Patient.swift in Sources */,
				480CB5AE2671288100001D2F /* DefaultDeliberationStrategy.swift in Sources */,
				480F41AC27B342DC00F43358 /* Server.swift in Sources */,
				4898DD5024B011C50020E6A7 /* COVID19Patient.swift in Sources */,
				483DB79925DD668A00522FBA /* Agent.swift in Sources */,
				486F89B624AD3E2700556E00 /* HospitalSector.swift in Sources */,
				486F89B024AD37C400556E00 /* Nurse.swift in Sources */,
				48CB576024B2BA7900245446 /* LoginController.swift in Sources */,
				48C1B83125DED42900725A90 /* SequencePlan.swift in Sources */,
				486F89B424AD3BD200556E00 /* Hospital.swift in Sources */,
				485DF0D724BBB22000EFD88A /* COVID19DAOIdentifyHCW.swift in Sources */,
				480CB59B2671251D00001D2F /* ReasoningStrategy.swift in Sources */,
				C918AC9B2450CAAF00D8ED1B /* SceneDelegate.swift in Sources */,
				480CB598267123E900001D2F /* BeliefRevisionStrategy.swift in Sources */,
				480CB5AB2671283700001D2F /* DeliberationStrategy.swift in Sources */,
				486F89AE24AD379F00556E00 /* Doctor.swift in Sources */,
				486F89BC24AD446E00556E00 /* PatientVitalSign.swift in Sources */,
				483DB7A225DD6C1100522FBA /* Plan.swift in Sources */,
				4826772024BF6881000C8008 /* TabBarControllerViewController.swift in Sources */,
				48CB576624B2BC3A00245446 /* LayoutMonitorController.swift in Sources */,
			);
			runOnlyForDeploymentPostprocessing = 0;
		};
/* End PBXSourcesBuildPhase section */

/* Begin PBXVariantGroup section */
		C918AC9E2450CAAF00D8ED1B /* Main.storyboard */ = {
			isa = PBXVariantGroup;
			children = (
				C918AC9F2450CAAF00D8ED1B /* Base */,
			);
			name = Main.storyboard;
			sourceTree = "<group>";
		};
		C918ACA32450CAB100D8ED1B /* LaunchScreen.storyboard */ = {
			isa = PBXVariantGroup;
			children = (
				C918ACA42450CAB100D8ED1B /* Base */,
			);
			name = LaunchScreen.storyboard;
			sourceTree = "<group>";
		};
/* End PBXVariantGroup section */

/* Begin XCBuildConfiguration section */
		C918ACA72450CAB100D8ED1B /* Debug */ = {
			isa = XCBuildConfiguration;
			buildSettings = {
				ALWAYS_SEARCH_USER_PATHS = NO;
				CLANG_ANALYZER_NONNULL = YES;
				CLANG_ANALYZER_NUMBER_OBJECT_CONVERSION = YES_AGGRESSIVE;
				CLANG_CXX_LANGUAGE_STANDARD = "gnu++14";
				CLANG_CXX_LIBRARY = "libc++";
				CLANG_ENABLE_MODULES = YES;
				CLANG_ENABLE_OBJC_ARC = YES;
				CLANG_ENABLE_OBJC_WEAK = YES;
				CLANG_WARN_BLOCK_CAPTURE_AUTORELEASING = YES;
				CLANG_WARN_BOOL_CONVERSION = YES;
				CLANG_WARN_COMMA = YES;
				CLANG_WARN_CONSTANT_CONVERSION = YES;
				CLANG_WARN_DEPRECATED_OBJC_IMPLEMENTATIONS = YES;
				CLANG_WARN_DIRECT_OBJC_ISA_USAGE = YES_ERROR;
				CLANG_WARN_DOCUMENTATION_COMMENTS = YES;
				CLANG_WARN_EMPTY_BODY = YES;
				CLANG_WARN_ENUM_CONVERSION = YES;
				CLANG_WARN_INFINITE_RECURSION = YES;
				CLANG_WARN_INT_CONVERSION = YES;
				CLANG_WARN_NON_LITERAL_NULL_CONVERSION = YES;
				CLANG_WARN_OBJC_IMPLICIT_RETAIN_SELF = YES;
				CLANG_WARN_OBJC_LITERAL_CONVERSION = YES;
				CLANG_WARN_OBJC_ROOT_CLASS = YES_ERROR;
				CLANG_WARN_QUOTED_INCLUDE_IN_FRAMEWORK_HEADER = YES;
				CLANG_WARN_RANGE_LOOP_ANALYSIS = YES;
				CLANG_WARN_STRICT_PROTOTYPES = YES;
				CLANG_WARN_SUSPICIOUS_MOVE = YES;
				CLANG_WARN_UNGUARDED_AVAILABILITY = YES_AGGRESSIVE;
				CLANG_WARN_UNREACHABLE_CODE = YES;
				CLANG_WARN__DUPLICATE_METHOD_MATCH = YES;
				COPY_PHASE_STRIP = NO;
				DEBUG_INFORMATION_FORMAT = dwarf;
				ENABLE_STRICT_OBJC_MSGSEND = YES;
				ENABLE_TESTABILITY = YES;
				GCC_C_LANGUAGE_STANDARD = gnu11;
				GCC_DYNAMIC_NO_PIC = NO;
				GCC_NO_COMMON_BLOCKS = YES;
				GCC_OPTIMIZATION_LEVEL = 0;
				GCC_PREPROCESSOR_DEFINITIONS = (
					"DEBUG=1",
					"$(inherited)",
				);
				GCC_WARN_64_TO_32_BIT_CONVERSION = YES;
				GCC_WARN_ABOUT_RETURN_TYPE = YES_ERROR;
				GCC_WARN_UNDECLARED_SELECTOR = YES;
				GCC_WARN_UNINITIALIZED_AUTOS = YES_AGGRESSIVE;
				GCC_WARN_UNUSED_FUNCTION = YES;
				GCC_WARN_UNUSED_VARIABLE = YES;
				IPHONEOS_DEPLOYMENT_TARGET = 13.4;
				MTL_ENABLE_DEBUG_INFO = INCLUDE_SOURCE;
				MTL_FAST_MATH = YES;
				ONLY_ACTIVE_ARCH = YES;
				SDKROOT = iphoneos;
				SWIFT_ACTIVE_COMPILATION_CONDITIONS = DEBUG;
				SWIFT_OPTIMIZATION_LEVEL = "-Onone";
			};
			name = Debug;
		};
		C918ACA82450CAB100D8ED1B /* Release */ = {
			isa = XCBuildConfiguration;
			buildSettings = {
				ALWAYS_SEARCH_USER_PATHS = NO;
				CLANG_ANALYZER_NONNULL = YES;
				CLANG_ANALYZER_NUMBER_OBJECT_CONVERSION = YES_AGGRESSIVE;
				CLANG_CXX_LANGUAGE_STANDARD = "gnu++14";
				CLANG_CXX_LIBRARY = "libc++";
				CLANG_ENABLE_MODULES = YES;
				CLANG_ENABLE_OBJC_ARC = YES;
				CLANG_ENABLE_OBJC_WEAK = YES;
				CLANG_WARN_BLOCK_CAPTURE_AUTORELEASING = YES;
				CLANG_WARN_BOOL_CONVERSION = YES;
				CLANG_WARN_COMMA = YES;
				CLANG_WARN_CONSTANT_CONVERSION = YES;
				CLANG_WARN_DEPRECATED_OBJC_IMPLEMENTATIONS = YES;
				CLANG_WARN_DIRECT_OBJC_ISA_USAGE = YES_ERROR;
				CLANG_WARN_DOCUMENTATION_COMMENTS = YES;
				CLANG_WARN_EMPTY_BODY = YES;
				CLANG_WARN_ENUM_CONVERSION = YES;
				CLANG_WARN_INFINITE_RECURSION = YES;
				CLANG_WARN_INT_CONVERSION = YES;
				CLANG_WARN_NON_LITERAL_NULL_CONVERSION = YES;
				CLANG_WARN_OBJC_IMPLICIT_RETAIN_SELF = YES;
				CLANG_WARN_OBJC_LITERAL_CONVERSION = YES;
				CLANG_WARN_OBJC_ROOT_CLASS = YES_ERROR;
				CLANG_WARN_QUOTED_INCLUDE_IN_FRAMEWORK_HEADER = YES;
				CLANG_WARN_RANGE_LOOP_ANALYSIS = YES;
				CLANG_WARN_STRICT_PROTOTYPES = YES;
				CLANG_WARN_SUSPICIOUS_MOVE = YES;
				CLANG_WARN_UNGUARDED_AVAILABILITY = YES_AGGRESSIVE;
				CLANG_WARN_UNREACHABLE_CODE = YES;
				CLANG_WARN__DUPLICATE_METHOD_MATCH = YES;
				COPY_PHASE_STRIP = NO;
				DEBUG_INFORMATION_FORMAT = "dwarf-with-dsym";
				ENABLE_NS_ASSERTIONS = NO;
				ENABLE_STRICT_OBJC_MSGSEND = YES;
				GCC_C_LANGUAGE_STANDARD = gnu11;
				GCC_NO_COMMON_BLOCKS = YES;
				GCC_WARN_64_TO_32_BIT_CONVERSION = YES;
				GCC_WARN_ABOUT_RETURN_TYPE = YES_ERROR;
				GCC_WARN_UNDECLARED_SELECTOR = YES;
				GCC_WARN_UNINITIALIZED_AUTOS = YES_AGGRESSIVE;
				GCC_WARN_UNUSED_FUNCTION = YES;
				GCC_WARN_UNUSED_VARIABLE = YES;
				IPHONEOS_DEPLOYMENT_TARGET = 13.4;
				MTL_ENABLE_DEBUG_INFO = NO;
				MTL_FAST_MATH = YES;
				SDKROOT = iphoneos;
				SWIFT_COMPILATION_MODE = wholemodule;
				SWIFT_OPTIMIZATION_LEVEL = "-O";
				VALIDATE_PRODUCT = YES;
			};
			name = Release;
		};
		C918ACAA2450CAB100D8ED1B /* Debug */ = {
			isa = XCBuildConfiguration;
			baseConfigurationReference = 285445ADCE937761C64D1276 /* Pods-Monitor.debug.xcconfig */;
			buildSettings = {
				ASSETCATALOG_COMPILER_APPICON_NAME = AppIcon;
				CODE_SIGN_ENTITLEMENTS = Monitor/Monitor.entitlements;
				CODE_SIGN_IDENTITY = "Apple Development";
				CODE_SIGN_STYLE = Automatic;
				DEVELOPMENT_TEAM = "";
				INFOPLIST_FILE = Monitor/Info.plist;
				LD_RUNPATH_SEARCH_PATHS = (
					"$(inherited)",
					"@executable_path/Frameworks",
				);
				PRODUCT_BUNDLE_IDENTIFIER = pucrio.les.Monitor;
				PRODUCT_NAME = "$(TARGET_NAME)";
				PROVISIONING_PROFILE_SPECIFIER = "";
				SWIFT_VERSION = 5.0;
				TARGETED_DEVICE_FAMILY = "1,2";
			};
			name = Debug;
		};
		C918ACAB2450CAB100D8ED1B /* Release */ = {
			isa = XCBuildConfiguration;
			baseConfigurationReference = 8725F8C3234C5CE14E9237DA /* Pods-Monitor.release.xcconfig */;
			buildSettings = {
				ASSETCATALOG_COMPILER_APPICON_NAME = AppIcon;
				CODE_SIGN_ENTITLEMENTS = Monitor/Monitor.entitlements;
				CODE_SIGN_IDENTITY = "Apple Development";
				CODE_SIGN_STYLE = Automatic;
				DEVELOPMENT_TEAM = "";
				INFOPLIST_FILE = Monitor/Info.plist;
				LD_RUNPATH_SEARCH_PATHS = (
					"$(inherited)",
					"@executable_path/Frameworks",
				);
				PRODUCT_BUNDLE_IDENTIFIER = pucrio.les.Monitor;
				PRODUCT_NAME = "$(TARGET_NAME)";
				PROVISIONING_PROFILE_SPECIFIER = "";
				SWIFT_VERSION = 5.0;
				TARGETED_DEVICE_FAMILY = "1,2";
			};
			name = Release;
		};
/* End XCBuildConfiguration section */

/* Begin XCConfigurationList section */
		C918AC902450CAAF00D8ED1B /* Build configuration list for PBXProject "Monitor" */ = {
			isa = XCConfigurationList;
			buildConfigurations = (
				C918ACA72450CAB100D8ED1B /* Debug */,
				C918ACA82450CAB100D8ED1B /* Release */,
			);
			defaultConfigurationIsVisible = 0;
			defaultConfigurationName = Release;
		};
		C918ACA92450CAB100D8ED1B /* Build configuration list for PBXNativeTarget "Monitor" */ = {
			isa = XCConfigurationList;
			buildConfigurations = (
				C918ACAA2450CAB100D8ED1B /* Debug */,
				C918ACAB2450CAB100D8ED1B /* Release */,
			);
			defaultConfigurationIsVisible = 0;
			defaultConfigurationName = Release;
		};
/* End XCConfigurationList section */

/* Begin XCRemoteSwiftPackageReference section */
		48105B242757B5EB002FC79B /* XCRemoteSwiftPackageReference "Socket.swift" */ = {
			isa = XCRemoteSwiftPackageReference;
			repositoryURL = "https://github.com/BiAtoms/Socket.swift.git";
			requirement = {
				kind = upToNextMajorVersion;
				minimumVersion = 2.4.0;
			};
		};
/* End XCRemoteSwiftPackageReference section */

/* Begin XCSwiftPackageProductDependency section */
		48105B252757B5EB002FC79B /* SocketSwift */ = {
			isa = XCSwiftPackageProductDependency;
			package = 48105B242757B5EB002FC79B /* XCRemoteSwiftPackageReference "Socket.swift" */;
			productName = SocketSwift;
		};
/* End XCSwiftPackageProductDependency section */
	};
	rootObject = C918AC8D2450CAAF00D8ED1B /* Project object */;
}
